
Microsoft Visual Studio Solution File, Format Version 12.00
# Visual Studio Version 17
VisualStudioVersion = 17.4.33213.308
MinimumVisualStudioVersion = 10.0.40219.1
Project("{FAE04EC0-301F-11D3-BF4B-00C04F79EFBC}") = "RoomLibrary", "RoomLibrary\RoomLibrary.csproj", "{471C0004-7DA4-49B1-8C2A-43268DA55536}"
EndProject
Global
	GlobalSection(SolutionConfigurationPlatforms) = preSolution
		Debug|Any CPU = Debug|Any CPU
		Release|Any CPU = Release|Any CPU
	EndGlobalSection
	GlobalSection(ProjectConfigurationPlatforms) = postSolution
		{471C0004-7DA4-49B1-8C2A-43268DA55536}.Debug|Any CPU.ActiveCfg = Debug|Any CPU
		{471C0004-7DA4-49B1-8C2A-43268DA55536}.Debug|Any CPU.Build.0 = Debug|Any CPU
		{471C0004-7DA4-49B1-8C2A-43268DA55536}.Release|Any CPU.ActiveCfg = Release|Any CPU
		{471C0004-7DA4-49B1-8C2A-43268DA55536}.Release|Any CPU.Build.0 = Release|Any CPU
	EndGlobalSection
	GlobalSection(SolutionProperties) = preSolution
		HideSolutionNode = FALSE
	EndGlobalSection
	GlobalSection(ExtensibilityGlobals) = postSolution
		SolutionGuid = {2CED5EB0-CF31-41DF-ACF1-DBD521E8C824}
	EndGlobalSection
EndGlobal
